// !$*UTF8*$!
{
	archiveVersion = 1;
	classes = {
	};
	objectVersion = 46;
	objects = {

/* Begin PBXBuildFile section */
		086D68B71CEE1A7000AA8678 /* main.swift in Sources */ = {isa = PBXBuildFile; fileRef = 086D68B61CEE1A7000AA8678 /* main.swift */; };
		086D68BE1CEE1A8500AA8678 /* Frame.swift in Sources */ = {isa = PBXBuildFile; fileRef = 086D68BD1CEE1A8500AA8678 /* Frame.swift */; };
		086D68C01CEE1ADF00AA8678 /* IdfTypes.swift in Sources */ = {isa = PBXBuildFile; fileRef = 086D68BF1CEE1ADF00AA8678 /* IdfTypes.swift */; };
/* End PBXBuildFile section */

/* Begin PBXCopyFilesBuildPhase section */
		086D68B11CEE1A7000AA8678 /* CopyFiles */ = {
			isa = PBXCopyFilesBuildPhase;
			buildActionMask = 2147483647;
			dstPath = /usr/share/man/man1/;
			dstSubfolderSpec = 0;
			files = (
			);
			runOnlyForDeploymentPostprocessing = 1;
		};
/* End PBXCopyFilesBuildPhase section */

/* Begin PBXFileReference section */
		086D68B31CEE1A7000AA8678 /* IdfInterpreter */ = {isa = PBXFileReference; explicitFileType = "compiled.mach-o.executable"; includeInIndex = 0; path = IdfInterpreter; sourceTree = BUILT_PRODUCTS_DIR; };
		086D68B61CEE1A7000AA8678 /* main.swift */ = {isa = PBXFileReference; lastKnownFileType = sourcecode.swift; path = main.swift; sourceTree = "<group>"; };
		086D68BD1CEE1A8500AA8678 /* Frame.swift */ = {isa = PBXFileReference; fileEncoding = 4; lastKnownFileType = sourcecode.swift; path = Frame.swift; sourceTree = "<group>"; };
		086D68BF1CEE1ADF00AA8678 /* IdfTypes.swift */ = {isa = PBXFileReference; fileEncoding = 4; lastKnownFileType = sourcecode.swift; path = IdfTypes.swift; sourceTree = "<group>"; };
/* End PBXFileReference section */

/* Begin PBXFrameworksBuildPhase section */
		086D68B01CEE1A7000AA8678 /* Frameworks */ = {
			isa = PBXFrameworksBuildPhase;
			buildActionMask = 2147483647;
			files = (
			);
			runOnlyForDeploymentPostprocessing = 0;
		};
/* End PBXFrameworksBuildPhase section */

/* Begin PBXGroup section */
		086D68AA1CEE1A6F00AA8678 = {
			isa = PBXGroup;
			children = (
				086D68B51CEE1A7000AA8678 /* IdfInterpreter */,
				086D68B41CEE1A7000AA8678 /* Products */,
			);
			sourceTree = "<group>";
		};
		086D68B41CEE1A7000AA8678 /* Products */ = {
			isa = PBXGroup;
			children = (
				086D68B31CEE1A7000AA8678 /* IdfInterpreter */,
			);
			name = Products;
			sourceTree = "<group>";
		};
		086D68B51CEE1A7000AA8678 /* IdfInterpreter */ = {
			isa = PBXGroup;
			children = (
				086D68B61CEE1A7000AA8678 /* main.swift */,
				086D68BD1CEE1A8500AA8678 /* Frame.swift */,
				086D68BF1CEE1ADF00AA8678 /* IdfTypes.swift */,
			);
			path = IdfInterpreter;
			sourceTree = "<group>";
		};
/* End PBXGroup section */

/* Begin PBXNativeTarget section */
		086D68B21CEE1A7000AA8678 /* IdfInterpreter */ = {
			isa = PBXNativeTarget;
			buildConfigurationList = 086D68BA1CEE1A7000AA8678 /* Build configuration list for PBXNativeTarget "IdfInterpreter" */;
			buildPhases = (
				086D68AF1CEE1A7000AA8678 /* Sources */,
				086D68B01CEE1A7000AA8678 /* Frameworks */,
				086D68B11CEE1A7000AA8678 /* CopyFiles */,
			);
			buildRules = (
			);
			dependencies = (
			);
			name = IdfInterpreter;
			productName = IdfInterpreter;
			productReference = 086D68B31CEE1A7000AA8678 /* IdfInterpreter */;
			productType = "com.apple.product-type.tool";
		};
/* End PBXNativeTarget section */

/* Begin PBXProject section */
		086D68AB1CEE1A6F00AA8678 /* Project object */ = {
			isa = PBXProject;
			attributes = {
				LastSwiftUpdateCheck = 0730;
				LastUpgradeCheck = 0730;
				ORGANIZATIONNAME = "Aviv Abramovich";
				TargetAttributes = {
					086D68B21CEE1A7000AA8678 = {
						CreatedOnToolsVersion = 7.3.1;
					};
				};
			};
			buildConfigurationList = 086D68AE1CEE1A6F00AA8678 /* Build configuration list for PBXProject "IdfInterpreter" */;
			compatibilityVersion = "Xcode 3.2";
			developmentRegion = English;
			hasScannedForEncodings = 0;
			knownRegions = (
				en,
			);
			mainGroup = 086D68AA1CEE1A6F00AA8678;
			productRefGroup = 086D68B41CEE1A7000AA8678 /* Products */;
			projectDirPath = "";
			projectRoot = "";
			targets = (
				086D68B21CEE1A7000AA8678 /* IdfInterpreter */,
			);
		};
/* End PBXProject section */

/* Begin PBXSourcesBuildPhase section */
		086D68AF1CEE1A7000AA8678 /* Sources */ = {
			isa = PBXSourcesBuildPhase;
			buildActionMask = 2147483647;
			files = (
				086D68C01CEE1ADF00AA8678 /* IdfTypes.swift in Sources */,
				086D68B71CEE1A7000AA8678 /* main.swift in Sources */,
				086D68BE1CEE1A8500AA8678 /* Frame.swift in Sources */,
			);
			runOnlyForDeploymentPostprocessing = 0;
		};
/* End PBXSourcesBuildPhase section */

/* Begin XCBuildConfiguration section */
		086D68B81CEE1A7000AA8678 /* Debug */ = {
			isa = XCBuildConfiguration;
			buildSettings = {
				ALWAYS_SEARCH_USER_PATHS = NO;
				CLANG_ANALYZER_NONNULL = YES;
				CLANG_CXX_LANGUAGE_STANDARD = "gnu++0x";
				CLANG_CXX_LIBRARY = "libc++";
				CLANG_ENABLE_MODULES = YES;
				CLANG_ENABLE_OBJC_ARC = YES;
				CLANG_WARN_BOOL_CONVERSION = YES;
				CLANG_WARN_CONSTANT_CONVERSION = YES;
				CLANG_WARN_DIRECT_OBJC_ISA_USAGE = YES_ERROR;
				CLANG_WARN_EMPTY_BODY = YES;
				CLANG_WARN_ENUM_CONVERSION = YES;
				CLANG_WARN_INT_CONVERSION = YES;
				CLANG_WARN_OBJC_ROOT_CLASS = YES_ERROR;
				CLANG_WARN_UNREACHABLE_CODE = YES;
				CLANG_WARN__DUPLICATE_METHOD_MATCH = YES;
				CODE_SIGN_IDENTITY = "-";
				COPY_PHASE_STRIP = NO;
				DEBUG_INFORMATION_FORMAT = dwarf;
				ENABLE_STRICT_OBJC_MSGSEND = YES;
				ENABLE_TESTABILITY = YES;
				GCC_C_LANGUAGE_STANDARD = gnu99;
				GCC_DYNAMIC_NO_PIC = NO;
				GCC_NO_COMMON_BLOCKS = YES;
				GCC_OPTIMIZATION_LEVEL = 0;
				GCC_PREPROCESSOR_DEFINITIONS = (
					"DEBUG=1",
					"$(inherited)",
				);
				GCC_WARN_64_TO_32_BIT_CONVERSION = YES;
				GCC_WARN_ABOUT_RETURN_TYPE = YES_ERROR;
				GCC_WARN_UNDECLARED_SELECTOR = YES;
				GCC_WARN_UNINITIALIZED_AUTOS = YES_AGGRESSIVE;
				GCC_WARN_UNUSED_FUNCTION = YES;
				GCC_WARN_UNUSED_VARIABLE = YES;
				MACOSX_DEPLOYMENT_TARGET = 10.11;
				MTL_ENABLE_DEBUG_INFO = YES;
				ONLY_ACTIVE_ARCH = YES;
				SDKROOT = macosx;
				SWIFT_OPTIMIZATION_LEVEL = "-Onone";
			};
			name = Debug;
		};
		086D68B91CEE1A7000AA8678 /* Release */ = {
			isa = XCBuildConfiguration;
			buildSettings = {
				ALWAYS_SEARCH_USER_PATHS = NO;
				CLANG_ANALYZER_NONNULL = YES;
				CLANG_CXX_LANGUAGE_STANDARD = "gnu++0x";
				CLANG_CXX_LIBRARY = "libc++";
				CLANG_ENABLE_MODULES = YES;
				CLANG_ENABLE_OBJC_ARC = YES;
				CLANG_WARN_BOOL_CONVERSION = YES;
				CLANG_WARN_CONSTANT_CONVERSION = YES;
				CLANG_WARN_DIRECT_OBJC_ISA_USAGE = YES_ERROR;
				CLANG_WARN_EMPTY_BODY = YES;
				CLANG_WARN_ENUM_CONVERSION = YES;
				CLANG_WARN_INT_CONVERSION = YES;
				CLANG_WARN_OBJC_ROOT_CLASS = YES_ERROR;
				CLANG_WARN_UNREACHABLE_CODE = YES;
				CLANG_WARN__DUPLICATE_METHOD_MATCH = YES;
				CODE_SIGN_IDENTITY = "-";
				COPY_PHASE_STRIP = NO;
				DEBUG_INFORMATION_FORMAT = "dwarf-with-dsym";
				ENABLE_NS_ASSERTIONS = NO;
				ENABLE_STRICT_OBJC_MSGSEND = YES;
				GCC_C_LANGUAGE_STANDARD = gnu99;
				GCC_NO_COMMON_BLOCKS = YES;
				GCC_WARN_64_TO_32_BIT_CONVERSION = YES;
				GCC_WARN_ABOUT_RETURN_TYPE = YES_ERROR;
				GCC_WARN_UNDECLARED_SELECTOR = YES;
				GCC_WARN_UNINITIALIZED_AUTOS = YES_AGGRESSIVE;
				GCC_WARN_UNUSED_FUNCTION = YES;
				GCC_WARN_UNUSED_VARIABLE = YES;
				MACOSX_DEPLOYMENT_TARGET = 10.11;
				MTL_ENABLE_DEBUG_INFO = NO;
				SDKROOT = macosx;
			};
			name = Release;
		};
		086D68BB1CEE1A7000AA8678 /* Debug */ = {
			isa = XCBuildConfiguration;
			buildSettings = {
				PRODUCT_NAME = "$(TARGET_NAME)";
			};
			name = Debug;
		};
		086D68BC1CEE1A7000AA8678 /* Release */ = {
			isa = XCBuildConfiguration;
			buildSettings = {
				PRODUCT_NAME = "$(TARGET_NAME)";
			};
			name = Release;
		};
/* End XCBuildConfiguration section */

/* Begin XCConfigurationList section */
		086D68AE1CEE1A6F00AA8678 /* Build configuration list for PBXProject "IdfInterpreter" */ = {
			isa = XCConfigurationList;
			buildConfigurations = (
				086D68B81CEE1A7000AA8678 /* Debug */,
				086D68B91CEE1A7000AA8678 /* Release */,
			);
			defaultConfigurationIsVisible = 0;
			defaultConfigurationName = Release;
		};
		086D68BA1CEE1A7000AA8678 /* Build configuration list for PBXNativeTarget "IdfInterpreter" */ = {
			isa = XCConfigurationList;
			buildConfigurations = (
				086D68BB1CEE1A7000AA8678 /* Debug */,
				086D68BC1CEE1A7000AA8678 /* Release */,
			);
			defaultConfigurationIsVisible = 0;
		};
/* End XCConfigurationList section */
	};
	rootObject = 086D68AB1CEE1A6F00AA8678 /* Project object */;
}
